// !$*UTF8*$!
{
	archiveVersion = 1;
	classes = {
	};
	objectVersion = 48;
	objects = {

/* Begin PBXBuildFile section */
		9B18ECC21F9F134800E51E1E /* AppDelegate.swift in Sources */ = {isa = PBXBuildFile; fileRef = 9B18ECC11F9F134800E51E1E /* AppDelegate.swift */; };
		9B18ECC41F9F134800E51E1E /* ViewController.swift in Sources */ = {isa = PBXBuildFile; fileRef = 9B18ECC31F9F134800E51E1E /* ViewController.swift */; };
		9B18ECC71F9F134800E51E1E /* Main.storyboard in Resources */ = {isa = PBXBuildFile; fileRef = 9B18ECC51F9F134800E51E1E /* Main.storyboard */; };
		9B18ECC91F9F134800E51E1E /* Assets.xcassets in Resources */ = {isa = PBXBuildFile; fileRef = 9B18ECC81F9F134800E51E1E /* Assets.xcassets */; };
		9B18ECCC1F9F134800E51E1E /* LaunchScreen.storyboard in Resources */ = {isa = PBXBuildFile; fileRef = 9B18ECCA1F9F134800E51E1E /* LaunchScreen.storyboard */; };
		9B18ECFC1F9F19D600E51E1E /* AppConfiguration.swift in Sources */ = {isa = PBXBuildFile; fileRef = 9B18ECE21F9F19D600E51E1E /* AppConfiguration.swift */; };
		9B18ECFD1F9F19D600E51E1E /* HFEngineConfiguration.swift in Sources */ = {isa = PBXBuildFile; fileRef = 9B18ECE31F9F19D600E51E1E /* HFEngineConfiguration.swift */; };
		9B18ECFE1F9F19D600E51E1E /* API.swift in Sources */ = {isa = PBXBuildFile; fileRef = 9B18ECE41F9F19D600E51E1E /* API.swift */; };
		9B18ECFF1F9F19D600E51E1E /* HFBaseViewModel.swift in Sources */ = {isa = PBXBuildFile; fileRef = 9B18ECE61F9F19D600E51E1E /* HFBaseViewModel.swift */; };
		9B18ED001F9F19D600E51E1E /* HFDataCent.swift in Sources */ = {isa = PBXBuildFile; fileRef = 9B18ECE71F9F19D600E51E1E /* HFDataCent.swift */; };
		9B18ED011F9F19D600E51E1E /* HFUserData.swift in Sources */ = {isa = PBXBuildFile; fileRef = 9B18ECE81F9F19D600E51E1E /* HFUserData.swift */; };
		9B18ED021F9F19D600E51E1E /* HFAppEngine+Enum.swift in Sources */ = {isa = PBXBuildFile; fileRef = 9B18ECEA1F9F19D600E51E1E /* HFAppEngine+Enum.swift */; };
		9B18ED031F9F19D600E51E1E /* AppDelegate+Extension.swift in Sources */ = {isa = PBXBuildFile; fileRef = 9B18ECEB1F9F19D600E51E1E /* AppDelegate+Extension.swift */; };
		9B18ED041F9F19D600E51E1E /* HFAppEngine.swift in Sources */ = {isa = PBXBuildFile; fileRef = 9B18ECEC1F9F19D600E51E1E /* HFAppEngine.swift */; };
		9B18ED051F9F19D600E51E1E /* HFNetworkManager.swift in Sources */ = {isa = PBXBuildFile; fileRef = 9B18ECEE1F9F19D600E51E1E /* HFNetworkManager.swift */; };
		9B18ED061F9F19D600E51E1E /* HFWelcomeViewController.xib in Resources */ = {isa = PBXBuildFile; fileRef = 9B18ECF01F9F19D600E51E1E /* HFWelcomeViewController.xib */; };
		9B18ED081F9F19D600E51E1E /* HFStartViewController.xib in Resources */ = {isa = PBXBuildFile; fileRef = 9B18ECF21F9F19D600E51E1E /* HFStartViewController.xib */; };
		9B18ED091F9F19D600E51E1E /* HFStartViewController.swift in Sources */ = {isa = PBXBuildFile; fileRef = 9B18ECF31F9F19D600E51E1E /* HFStartViewController.swift */; };
		9B18ED0B1F9F19D600E51E1E /* HFWelcomeViewController.swift in Sources */ = {isa = PBXBuildFile; fileRef = 9B18ECF51F9F19D600E51E1E /* HFWelcomeViewController.swift */; };
		9B18ED0C1F9F19D600E51E1E /* HFMainDataCent.swift in Sources */ = {isa = PBXBuildFile; fileRef = 9B18ECF61F9F19D600E51E1E /* HFMainDataCent.swift */; };
		9B18ED0E1F9F19D600E51E1E /* NSDate+Format.m in Sources */ = {isa = PBXBuildFile; fileRef = 9B18ECFA1F9F19D600E51E1E /* NSDate+Format.m */; };
		9B18ED0F1F9F19D600E51E1E /* HFWebViewController.swift in Sources */ = {isa = PBXBuildFile; fileRef = 9B18ECFB1F9F19D600E51E1E /* HFWebViewController.swift */; };
		9B18ED121F9F30B800E51E1E /* HFLoginViewController.xib in Resources */ = {isa = PBXBuildFile; fileRef = 9B18ED101F9F30B800E51E1E /* HFLoginViewController.xib */; };
		9B18ED131F9F30B800E51E1E /* HFLoginViewController.swift in Sources */ = {isa = PBXBuildFile; fileRef = 9B18ED111F9F30B800E51E1E /* HFLoginViewController.swift */; };
		9B9659C2214A6B3F00A9C2A2 /* HFAlertController.swift in Sources */ = {isa = PBXBuildFile; fileRef = 9B9659C1214A6B3E00A9C2A2 /* HFAlertController.swift */; };
		BA75A4FE9D224DE37D86989D /* Pods_AppEngineDemo.framework in Frameworks */ = {isa = PBXBuildFile; fileRef = 1E75CF7128BFB9103DC2CF09 /* Pods_AppEngineDemo.framework */; };
/* End PBXBuildFile section */

/* Begin PBXFileReference section */
		1D20C1915A8FC555CD4A7A83 /* Pods-AppEngineDemo.release.xcconfig */ = {isa = PBXFileReference; includeInIndex = 1; lastKnownFileType = text.xcconfig; name = "Pods-AppEngineDemo.release.xcconfig"; path = "Pods/Target Support Files/Pods-AppEngineDemo/Pods-AppEngineDemo.release.xcconfig"; sourceTree = "<group>"; };
		1E75CF7128BFB9103DC2CF09 /* Pods_AppEngineDemo.framework */ = {isa = PBXFileReference; explicitFileType = wrapper.framework; includeInIndex = 0; path = Pods_AppEngineDemo.framework; sourceTree = BUILT_PRODUCTS_DIR; };
		8165877009666C531E13F495 /* Pods-AppEngineDemo.debug.xcconfig */ = {isa = PBXFileReference; includeInIndex = 1; lastKnownFileType = text.xcconfig; name = "Pods-AppEngineDemo.debug.xcconfig"; path = "Pods/Target Support Files/Pods-AppEngineDemo/Pods-AppEngineDemo.debug.xcconfig"; sourceTree = "<group>"; };
		9B18ECBE1F9F134800E51E1E /* AppEngineDemo.app */ = {isa = PBXFileReference; explicitFileType = wrapper.application; includeInIndex = 0; path = AppEngineDemo.app; sourceTree = BUILT_PRODUCTS_DIR; };
		9B18ECC11F9F134800E51E1E /* AppDelegate.swift */ = {isa = PBXFileReference; lastKnownFileType = sourcecode.swift; path = AppDelegate.swift; sourceTree = "<group>"; };
		9B18ECC31F9F134800E51E1E /* ViewController.swift */ = {isa = PBXFileReference; lastKnownFileType = sourcecode.swift; path = ViewController.swift; sourceTree = "<group>"; };
		9B18ECC61F9F134800E51E1E /* Base */ = {isa = PBXFileReference; lastKnownFileType = file.storyboard; name = Base; path = Base.lproj/Main.storyboard; sourceTree = "<group>"; };
		9B18ECC81F9F134800E51E1E /* Assets.xcassets */ = {isa = PBXFileReference; lastKnownFileType = folder.assetcatalog; path = Assets.xcassets; sourceTree = "<group>"; };
		9B18ECCB1F9F134800E51E1E /* Base */ = {isa = PBXFileReference; lastKnownFileType = file.storyboard; name = Base; path = Base.lproj/LaunchScreen.storyboard; sourceTree = "<group>"; };
		9B18ECCD1F9F134800E51E1E /* Info.plist */ = {isa = PBXFileReference; lastKnownFileType = text.plist.xml; path = Info.plist; sourceTree = "<group>"; };
		9B18ECE21F9F19D600E51E1E /* AppConfiguration.swift */ = {isa = PBXFileReference; fileEncoding = 4; lastKnownFileType = sourcecode.swift; path = AppConfiguration.swift; sourceTree = "<group>"; };
		9B18ECE31F9F19D600E51E1E /* HFEngineConfiguration.swift */ = {isa = PBXFileReference; fileEncoding = 4; lastKnownFileType = sourcecode.swift; path = HFEngineConfiguration.swift; sourceTree = "<group>"; };
		9B18ECE41F9F19D600E51E1E /* API.swift */ = {isa = PBXFileReference; fileEncoding = 4; lastKnownFileType = sourcecode.swift; path = API.swift; sourceTree = "<group>"; };
		9B18ECE61F9F19D600E51E1E /* HFBaseViewModel.swift */ = {isa = PBXFileReference; fileEncoding = 4; lastKnownFileType = sourcecode.swift; path = HFBaseViewModel.swift; sourceTree = "<group>"; };
		9B18ECE71F9F19D600E51E1E /* HFDataCent.swift */ = {isa = PBXFileReference; fileEncoding = 4; lastKnownFileType = sourcecode.swift; path = HFDataCent.swift; sourceTree = "<group>"; };
		9B18ECE81F9F19D600E51E1E /* HFUserData.swift */ = {isa = PBXFileReference; fileEncoding = 4; lastKnownFileType = sourcecode.swift; path = HFUserData.swift; sourceTree = "<group>"; };
		9B18ECEA1F9F19D600E51E1E /* HFAppEngine+Enum.swift */ = {isa = PBXFileReference; fileEncoding = 4; lastKnownFileType = sourcecode.swift; path = "HFAppEngine+Enum.swift"; sourceTree = "<group>"; };
		9B18ECEB1F9F19D600E51E1E /* AppDelegate+Extension.swift */ = {isa = PBXFileReference; fileEncoding = 4; lastKnownFileType = sourcecode.swift; path = "AppDelegate+Extension.swift"; sourceTree = "<group>"; };
		9B18ECEC1F9F19D600E51E1E /* HFAppEngine.swift */ = {isa = PBXFileReference; fileEncoding = 4; lastKnownFileType = sourcecode.swift; path = HFAppEngine.swift; sourceTree = "<group>"; };
		9B18ECEE1F9F19D600E51E1E /* HFNetworkManager.swift */ = {isa = PBXFileReference; fileEncoding = 4; lastKnownFileType = sourcecode.swift; path = HFNetworkManager.swift; sourceTree = "<group>"; };
		9B18ECF01F9F19D600E51E1E /* HFWelcomeViewController.xib */ = {isa = PBXFileReference; fileEncoding = 4; lastKnownFileType = file.xib; path = HFWelcomeViewController.xib; sourceTree = "<group>"; };
		9B18ECF21F9F19D600E51E1E /* HFStartViewController.xib */ = {isa = PBXFileReference; fileEncoding = 4; lastKnownFileType = file.xib; path = HFStartViewController.xib; sourceTree = "<group>"; };
		9B18ECF31F9F19D600E51E1E /* HFStartViewController.swift */ = {isa = PBXFileReference; fileEncoding = 4; lastKnownFileType = sourcecode.swift; path = HFStartViewController.swift; sourceTree = "<group>"; };
		9B18ECF51F9F19D600E51E1E /* HFWelcomeViewController.swift */ = {isa = PBXFileReference; fileEncoding = 4; lastKnownFileType = sourcecode.swift; path = HFWelcomeViewController.swift; sourceTree = "<group>"; };
		9B18ECF61F9F19D600E51E1E /* HFMainDataCent.swift */ = {isa = PBXFileReference; fileEncoding = 4; lastKnownFileType = sourcecode.swift; path = HFMainDataCent.swift; sourceTree = "<group>"; };
		9B18ECF81F9F19D600E51E1E /* NSDate+Format.h */ = {isa = PBXFileReference; fileEncoding = 4; lastKnownFileType = sourcecode.c.h; path = "NSDate+Format.h"; sourceTree = "<group>"; };
		9B18ECFA1F9F19D600E51E1E /* NSDate+Format.m */ = {isa = PBXFileReference; fileEncoding = 4; lastKnownFileType = sourcecode.c.objc; path = "NSDate+Format.m"; sourceTree = "<group>"; };
		9B18ECFB1F9F19D600E51E1E /* HFWebViewController.swift */ = {isa = PBXFileReference; fileEncoding = 4; lastKnownFileType = sourcecode.swift; path = HFWebViewController.swift; sourceTree = "<group>"; };
		9B18ED101F9F30B800E51E1E /* HFLoginViewController.xib */ = {isa = PBXFileReference; fileEncoding = 4; lastKnownFileType = file.xib; path = HFLoginViewController.xib; sourceTree = "<group>"; };
		9B18ED111F9F30B800E51E1E /* HFLoginViewController.swift */ = {isa = PBXFileReference; fileEncoding = 4; lastKnownFileType = sourcecode.swift; path = HFLoginViewController.swift; sourceTree = "<group>"; };
		9B9659C1214A6B3E00A9C2A2 /* HFAlertController.swift */ = {isa = PBXFileReference; fileEncoding = 4; lastKnownFileType = sourcecode.swift; path = HFAlertController.swift; sourceTree = "<group>"; };
/* End PBXFileReference section */

/* Begin PBXFrameworksBuildPhase section */
		9B18ECBB1F9F134800E51E1E /* Frameworks */ = {
			isa = PBXFrameworksBuildPhase;
			buildActionMask = 2147483647;
			files = (
				BA75A4FE9D224DE37D86989D /* Pods_AppEngineDemo.framework in Frameworks */,
			);
			runOnlyForDeploymentPostprocessing = 0;
		};
/* End PBXFrameworksBuildPhase section */

/* Begin PBXGroup section */
		55CEE5DDFF74CF4B4551167E /* Pods */ = {
			isa = PBXGroup;
			children = (
				8165877009666C531E13F495 /* Pods-AppEngineDemo.debug.xcconfig */,
				1D20C1915A8FC555CD4A7A83 /* Pods-AppEngineDemo.release.xcconfig */,
			);
			name = Pods;
			sourceTree = "<group>";
		};
		9B18ECB51F9F134800E51E1E = {
			isa = PBXGroup;
			children = (
				9B18ECC01F9F134800E51E1E /* AppEngineDemo */,
				9B18ECBF1F9F134800E51E1E /* Products */,
				55CEE5DDFF74CF4B4551167E /* Pods */,
				D028A65CFECCA16FBA12ADAF /* Frameworks */,
			);
			sourceTree = "<group>";
		};
		9B18ECBF1F9F134800E51E1E /* Products */ = {
			isa = PBXGroup;
			children = (
				9B18ECBE1F9F134800E51E1E /* AppEngineDemo.app */,
			);
			name = Products;
			sourceTree = "<group>";
		};
		9B18ECC01F9F134800E51E1E /* AppEngineDemo */ = {
			isa = PBXGroup;
			children = (
				9B18ECE01F9F19D600E51E1E /* AppEngine */,
				9B18ECC11F9F134800E51E1E /* AppDelegate.swift */,
				9B18ECC31F9F134800E51E1E /* ViewController.swift */,
				9B18ECC51F9F134800E51E1E /* Main.storyboard */,
				9B18ECC81F9F134800E51E1E /* Assets.xcassets */,
				9B18ECCA1F9F134800E51E1E /* LaunchScreen.storyboard */,
				9B18ECCD1F9F134800E51E1E /* Info.plist */,
			);
			path = AppEngineDemo;
			sourceTree = "<group>";
		};
		9B18ECE01F9F19D600E51E1E /* AppEngine */ = {
			isa = PBXGroup;
			children = (
				9B18ECE11F9F19D600E51E1E /* Configuration */,
				9B18ECE51F9F19D600E51E1E /* DataCent */,
				9B18ECE91F9F19D600E51E1E /* Extension */,
				9B18ECEC1F9F19D600E51E1E /* HFAppEngine.swift */,
				9B18ECED1F9F19D600E51E1E /* NetManager */,
				9B18ECEF1F9F19D600E51E1E /* ViewController */,
				9B18ECF61F9F19D600E51E1E /* HFMainDataCent.swift */,
				9B18ECF71F9F19D600E51E1E /* Tool */,
			);
			name = AppEngine;
			path = ../../AppEngine;
			sourceTree = "<group>";
		};
		9B18ECE11F9F19D600E51E1E /* Configuration */ = {
			isa = PBXGroup;
			children = (
				9B18ECE21F9F19D600E51E1E /* AppConfiguration.swift */,
				9B18ECE31F9F19D600E51E1E /* HFEngineConfiguration.swift */,
				9B18ECE41F9F19D600E51E1E /* API.swift */,
			);
			path = Configuration;
			sourceTree = "<group>";
		};
		9B18ECE51F9F19D600E51E1E /* DataCent */ = {
			isa = PBXGroup;
			children = (
				9B18ECE61F9F19D600E51E1E /* HFBaseViewModel.swift */,
				9B18ECE71F9F19D600E51E1E /* HFDataCent.swift */,
				9B18ECE81F9F19D600E51E1E /* HFUserData.swift */,
			);
			path = DataCent;
			sourceTree = "<group>";
		};
		9B18ECE91F9F19D600E51E1E /* Extension */ = {
			isa = PBXGroup;
			children = (
				9B18ECEA1F9F19D600E51E1E /* HFAppEngine+Enum.swift */,
				9B18ECEB1F9F19D600E51E1E /* AppDelegate+Extension.swift */,
			);
			path = Extension;
			sourceTree = "<group>";
		};
		9B18ECED1F9F19D600E51E1E /* NetManager */ = {
			isa = PBXGroup;
			children = (
				9B18ECEE1F9F19D600E51E1E /* HFNetworkManager.swift */,
			);
			path = NetManager;
			sourceTree = "<group>";
		};
		9B18ECEF1F9F19D600E51E1E /* ViewController */ = {
			isa = PBXGroup;
			children = (
				9B18ED111F9F30B800E51E1E /* HFLoginViewController.swift */,
				9B18ED101F9F30B800E51E1E /* HFLoginViewController.xib */,
				9B18ECF01F9F19D600E51E1E /* HFWelcomeViewController.xib */,
				9B18ECF21F9F19D600E51E1E /* HFStartViewController.xib */,
				9B18ECF31F9F19D600E51E1E /* HFStartViewController.swift */,
				9B18ECF51F9F19D600E51E1E /* HFWelcomeViewController.swift */,
			);
			path = ViewController;
			sourceTree = "<group>";
		};
		9B18ECF71F9F19D600E51E1E /* Tool */ = {
			isa = PBXGroup;
			children = (
				9B18ECF81F9F19D600E51E1E /* NSDate+Format.h */,
				9B18ECFA1F9F19D600E51E1E /* NSDate+Format.m */,
				9B9659C1214A6B3E00A9C2A2 /* HFAlertController.swift */,
				9B18ECFB1F9F19D600E51E1E /* HFWebViewController.swift */,
			);
			path = Tool;
			sourceTree = "<group>";
		};
		D028A65CFECCA16FBA12ADAF /* Frameworks */ = {
			isa = PBXGroup;
			children = (
				1E75CF7128BFB9103DC2CF09 /* Pods_AppEngineDemo.framework */,
			);
			name = Frameworks;
			sourceTree = "<group>";
		};
/* End PBXGroup section */

/* Begin PBXNativeTarget section */
		9B18ECBD1F9F134800E51E1E /* AppEngineDemo */ = {
			isa = PBXNativeTarget;
			buildConfigurationList = 9B18ECD01F9F134800E51E1E /* Build configuration list for PBXNativeTarget "AppEngineDemo" */;
			buildPhases = (
				5685BBEAAE85212ED155800B /* [CP] Check Pods Manifest.lock */,
				9B18ECBA1F9F134800E51E1E /* Sources */,
				9B18ECBB1F9F134800E51E1E /* Frameworks */,
				9B18ECBC1F9F134800E51E1E /* Resources */,
				3C6DBC95887179545EFBD0B5 /* [CP] Embed Pods Frameworks */,
				9D1B49816BDFED4129E59184 /* [CP] Copy Pods Resources */,
			);
			buildRules = (
			);
			dependencies = (
			);
			name = AppEngineDemo;
			productName = AppEngineDemo;
			productReference = 9B18ECBE1F9F134800E51E1E /* AppEngineDemo.app */;
			productType = "com.apple.product-type.application";
		};
/* End PBXNativeTarget section */

/* Begin PBXProject section */
		9B18ECB61F9F134800E51E1E /* Project object */ = {
			isa = PBXProject;
			attributes = {
				LastSwiftUpdateCheck = 0900;
				LastUpgradeCheck = 0900;
				ORGANIZATIONNAME = "姚鸿飞";
				TargetAttributes = {
					9B18ECBD1F9F134800E51E1E = {
						CreatedOnToolsVersion = 9.0.1;
						ProvisioningStyle = Automatic;
					};
				};
			};
			buildConfigurationList = 9B18ECB91F9F134800E51E1E /* Build configuration list for PBXProject "AppEngineDemo" */;
			compatibilityVersion = "Xcode 8.0";
			developmentRegion = en;
			hasScannedForEncodings = 0;
			knownRegions = (
				en,
				Base,
			);
			mainGroup = 9B18ECB51F9F134800E51E1E;
			productRefGroup = 9B18ECBF1F9F134800E51E1E /* Products */;
			projectDirPath = "";
			projectRoot = "";
			targets = (
				9B18ECBD1F9F134800E51E1E /* AppEngineDemo */,
			);
		};
/* End PBXProject section */

/* Begin PBXResourcesBuildPhase section */
		9B18ECBC1F9F134800E51E1E /* Resources */ = {
			isa = PBXResourcesBuildPhase;
			buildActionMask = 2147483647;
			files = (
				9B18ECCC1F9F134800E51E1E /* LaunchScreen.storyboard in Resources */,
				9B18ED081F9F19D600E51E1E /* HFStartViewController.xib in Resources */,
				9B18ED061F9F19D600E51E1E /* HFWelcomeViewController.xib in Resources */,
				9B18ECC91F9F134800E51E1E /* Assets.xcassets in Resources */,
				9B18ED121F9F30B800E51E1E /* HFLoginViewController.xib in Resources */,
				9B18ECC71F9F134800E51E1E /* Main.storyboard in Resources */,
			);
			runOnlyForDeploymentPostprocessing = 0;
		};
/* End PBXResourcesBuildPhase section */

/* Begin PBXShellScriptBuildPhase section */
		3C6DBC95887179545EFBD0B5 /* [CP] Embed Pods Frameworks */ = {
			isa = PBXShellScriptBuildPhase;
			buildActionMask = 2147483647;
			files = (
			);
			inputPaths = (
				"${SRCROOT}/Pods/Target Support Files/Pods-AppEngineDemo/Pods-AppEngineDemo-frameworks.sh",
				"${BUILT_PRODUCTS_DIR}/Alamofire/Alamofire.framework",
				"${BUILT_PRODUCTS_DIR}/CryptoSwift/CryptoSwift.framework",
				"${BUILT_PRODUCTS_DIR}/IQKeyboardManager/IQKeyboardManager.framework",
				"${BUILT_PRODUCTS_DIR}/SVProgressHUD/SVProgressHUD.framework",
				"${BUILT_PRODUCTS_DIR}/SnapKit/SnapKit.framework",
				"${BUILT_PRODUCTS_DIR}/SwiftyJSON/SwiftyJSON.framework",
			);
			name = "[CP] Embed Pods Frameworks";
			outputPaths = (
				"${TARGET_BUILD_DIR}/${FRAMEWORKS_FOLDER_PATH}/Alamofire.framework",
				"${TARGET_BUILD_DIR}/${FRAMEWORKS_FOLDER_PATH}/CryptoSwift.framework",
				"${TARGET_BUILD_DIR}/${FRAMEWORKS_FOLDER_PATH}/IQKeyboardManager.framework",
				"${TARGET_BUILD_DIR}/${FRAMEWORKS_FOLDER_PATH}/SVProgressHUD.framework",
				"${TARGET_BUILD_DIR}/${FRAMEWORKS_FOLDER_PATH}/SnapKit.framework",
				"${TARGET_BUILD_DIR}/${FRAMEWORKS_FOLDER_PATH}/SwiftyJSON.framework",
			);
			runOnlyForDeploymentPostprocessing = 0;
			shellPath = /bin/sh;
			shellScript = "\"${SRCROOT}/Pods/Target Support Files/Pods-AppEngineDemo/Pods-AppEngineDemo-frameworks.sh\"\n";
			showEnvVarsInLog = 0;
		};
		5685BBEAAE85212ED155800B /* [CP] Check Pods Manifest.lock */ = {
			isa = PBXShellScriptBuildPhase;
			buildActionMask = 2147483647;
			files = (
			);
			inputPaths = (
				"${PODS_PODFILE_DIR_PATH}/Podfile.lock",
				"${PODS_ROOT}/Manifest.lock",
			);
			name = "[CP] Check Pods Manifest.lock";
			outputPaths = (
				"$(DERIVED_FILE_DIR)/Pods-AppEngineDemo-checkManifestLockResult.txt",
			);
			runOnlyForDeploymentPostprocessing = 0;
			shellPath = /bin/sh;
			shellScript = "diff \"${PODS_PODFILE_DIR_PATH}/Podfile.lock\" \"${PODS_ROOT}/Manifest.lock\" > /dev/null\nif [ $? != 0 ] ; then\n    # print error to STDERR\n    echo \"error: The sandbox is not in sync with the Podfile.lock. Run 'pod install' or update your CocoaPods installation.\" >&2\n    exit 1\nfi\n# This output is used by Xcode 'outputs' to avoid re-running this script phase.\necho \"SUCCESS\" > \"${SCRIPT_OUTPUT_FILE_0}\"\n";
			showEnvVarsInLog = 0;
		};
		9D1B49816BDFED4129E59184 /* [CP] Copy Pods Resources */ = {
			isa = PBXShellScriptBuildPhase;
			buildActionMask = 2147483647;
			files = (
			);
			inputPaths = (
			);
			name = "[CP] Copy Pods Resources";
			outputPaths = (
			);
			runOnlyForDeploymentPostprocessing = 0;
			shellPath = /bin/sh;
			shellScript = "\"${SRCROOT}/Pods/Target Support Files/Pods-AppEngineDemo/Pods-AppEngineDemo-resources.sh\"\n";
			showEnvVarsInLog = 0;
		};
/* End PBXShellScriptBuildPhase section */

/* Begin PBXSourcesBuildPhase section */
		9B18ECBA1F9F134800E51E1E /* Sources */ = {
			isa = PBXSourcesBuildPhase;
			buildActionMask = 2147483647;
			files = (
				9B18ED051F9F19D600E51E1E /* HFNetworkManager.swift in Sources */,
				9B18ED031F9F19D600E51E1E /* AppDelegate+Extension.swift in Sources */,
				9B18ED041F9F19D600E51E1E /* HFAppEngine.swift in Sources */,
				9B18ECFC1F9F19D600E51E1E /* AppConfiguration.swift in Sources */,
				9B18ED0E1F9F19D600E51E1E /* NSDate+Format.m in Sources */,
				9B18ECC41F9F134800E51E1E /* ViewController.swift in Sources */,
				9B18ED011F9F19D600E51E1E /* HFUserData.swift in Sources */,
				9B18ED0C1F9F19D600E51E1E /* HFMainDataCent.swift in Sources */,
				9B18ED0B1F9F19D600E51E1E /* HFWelcomeViewController.swift in Sources */,
				9B18ECFD1F9F19D600E51E1E /* HFEngineConfiguration.swift in Sources */,
				9B18ECFF1F9F19D600E51E1E /* HFBaseViewModel.swift in Sources */,
				9B18ECC21F9F134800E51E1E /* AppDelegate.swift in Sources */,
				9B18ED001F9F19D600E51E1E /* HFDataCent.swift in Sources */,
				9B18ED0F1F9F19D600E51E1E /* HFWebViewController.swift in Sources */,
				9B18ED131F9F30B800E51E1E /* HFLoginViewController.swift in Sources */,
				9B18ED021F9F19D600E51E1E /* HFAppEngine+Enum.swift in Sources */,
				9B9659C2214A6B3F00A9C2A2 /* HFAlertController.swift in Sources */,
				9B18ED091F9F19D600E51E1E /* HFStartViewController.swift in Sources */,
				9B18ECFE1F9F19D600E51E1E /* API.swift in Sources */,
			);
			runOnlyForDeploymentPostprocessing = 0;
		};
/* End PBXSourcesBuildPhase section */

/* Begin PBXVariantGroup section */
		9B18ECC51F9F134800E51E1E /* Main.storyboard */ = {
			isa = PBXVariantGroup;
			children = (
				9B18ECC61F9F134800E51E1E /* Base */,
			);
			name = Main.storyboard;
			sourceTree = "<group>";
		};
		9B18ECCA1F9F134800E51E1E /* LaunchScreen.storyboard */ = {
			isa = PBXVariantGroup;
			children = (
				9B18ECCB1F9F134800E51E1E /* Base */,
			);
			name = LaunchScreen.storyboard;
			sourceTree = "<group>";
		};
/* End PBXVariantGroup section */

/* Begin XCBuildConfiguration section */
		9B18ECCE1F9F134800E51E1E /* Debug */ = {
			isa = XCBuildConfiguration;
			buildSettings = {
				ALWAYS_SEARCH_USER_PATHS = NO;
				CLANG_ANALYZER_NONNULL = YES;
				CLANG_ANALYZER_NUMBER_OBJECT_CONVERSION = YES_AGGRESSIVE;
				CLANG_CXX_LANGUAGE_STANDARD = "gnu++14";
				CLANG_CXX_LIBRARY = "libc++";
				CLANG_ENABLE_MODULES = YES;
				CLANG_ENABLE_OBJC_ARC = YES;
				CLANG_WARN_BLOCK_CAPTURE_AUTORELEASING = YES;
				CLANG_WARN_BOOL_CONVERSION = YES;
				CLANG_WARN_COMMA = YES;
				CLANG_WARN_CONSTANT_CONVERSION = YES;
				CLANG_WARN_DIRECT_OBJC_ISA_USAGE = YES_ERROR;
				CLANG_WARN_DOCUMENTATION_COMMENTS = YES;
				CLANG_WARN_EMPTY_BODY = YES;
				CLANG_WARN_ENUM_CONVERSION = YES;
				CLANG_WARN_INFINITE_RECURSION = YES;
				CLANG_WARN_INT_CONVERSION = YES;
				CLANG_WARN_NON_LITERAL_NULL_CONVERSION = YES;
				CLANG_WARN_OBJC_LITERAL_CONVERSION = YES;
				CLANG_WARN_OBJC_ROOT_CLASS = YES_ERROR;
				CLANG_WARN_RANGE_LOOP_ANALYSIS = YES;
				CLANG_WARN_STRICT_PROTOTYPES = YES;
				CLANG_WARN_SUSPICIOUS_MOVE = YES;
				CLANG_WARN_UNGUARDED_AVAILABILITY = YES_AGGRESSIVE;
				CLANG_WARN_UNREACHABLE_CODE = YES;
				CLANG_WARN__DUPLICATE_METHOD_MATCH = YES;
				CODE_SIGN_IDENTITY = "iPhone Developer";
				COPY_PHASE_STRIP = NO;
				DEBUG_INFORMATION_FORMAT = dwarf;
				ENABLE_STRICT_OBJC_MSGSEND = YES;
				ENABLE_TESTABILITY = YES;
				GCC_C_LANGUAGE_STANDARD = gnu11;
				GCC_DYNAMIC_NO_PIC = NO;
				GCC_NO_COMMON_BLOCKS = YES;
				GCC_OPTIMIZATION_LEVEL = 0;
				GCC_PREPROCESSOR_DEFINITIONS = (
					"DEBUG=1",
					"$(inherited)",
				);
				GCC_WARN_64_TO_32_BIT_CONVERSION = YES;
				GCC_WARN_ABOUT_RETURN_TYPE = YES_ERROR;
				GCC_WARN_UNDECLARED_SELECTOR = YES;
				GCC_WARN_UNINITIALIZED_AUTOS = YES_AGGRESSIVE;
				GCC_WARN_UNUSED_FUNCTION = YES;
				GCC_WARN_UNUSED_VARIABLE = YES;
				IPHONEOS_DEPLOYMENT_TARGET = 8.0;
				MTL_ENABLE_DEBUG_INFO = YES;
				ONLY_ACTIVE_ARCH = YES;
				SDKROOT = iphoneos;
				SWIFT_ACTIVE_COMPILATION_CONDITIONS = DEBUG;
				SWIFT_OPTIMIZATION_LEVEL = "-Onone";
			};
			name = Debug;
		};
		9B18ECCF1F9F134800E51E1E /* Release */ = {
			isa = XCBuildConfiguration;
			buildSettings = {
				ALWAYS_SEARCH_USER_PATHS = NO;
				CLANG_ANALYZER_NONNULL = YES;
				CLANG_ANALYZER_NUMBER_OBJECT_CONVERSION = YES_AGGRESSIVE;
				CLANG_CXX_LANGUAGE_STANDARD = "gnu++14";
				CLANG_CXX_LIBRARY = "libc++";
				CLANG_ENABLE_MODULES = YES;
				CLANG_ENABLE_OBJC_ARC = YES;
				CLANG_WARN_BLOCK_CAPTURE_AUTORELEASING = YES;
				CLANG_WARN_BOOL_CONVERSION = YES;
				CLANG_WARN_COMMA = YES;
				CLANG_WARN_CONSTANT_CONVERSION = YES;
				CLANG_WARN_DIRECT_OBJC_ISA_USAGE = YES_ERROR;
				CLANG_WARN_DOCUMENTATION_COMMENTS = YES;
				CLANG_WARN_EMPTY_BODY = YES;
				CLANG_WARN_ENUM_CONVERSION = YES;
				CLANG_WARN_INFINITE_RECURSION = YES;
				CLANG_WARN_INT_CONVERSION = YES;
				CLANG_WARN_NON_LITERAL_NULL_CONVERSION = YES;
				CLANG_WARN_OBJC_LITERAL_CONVERSION = YES;
				CLANG_WARN_OBJC_ROOT_CLASS = YES_ERROR;
				CLANG_WARN_RANGE_LOOP_ANALYSIS = YES;
				CLANG_WARN_STRICT_PROTOTYPES = YES;
				CLANG_WARN_SUSPICIOUS_MOVE = YES;
				CLANG_WARN_UNGUARDED_AVAILABILITY = YES_AGGRESSIVE;
				CLANG_WARN_UNREACHABLE_CODE = YES;
				CLANG_WARN__DUPLICATE_METHOD_MATCH = YES;
				CODE_SIGN_IDENTITY = "iPhone Developer";
				COPY_PHASE_STRIP = NO;
				DEBUG_INFORMATION_FORMAT = "dwarf-with-dsym";
				ENABLE_NS_ASSERTIONS = NO;
				ENABLE_STRICT_OBJC_MSGSEND = YES;
				GCC_C_LANGUAGE_STANDARD = gnu11;
				GCC_NO_COMMON_BLOCKS = YES;
				GCC_WARN_64_TO_32_BIT_CONVERSION = YES;
				GCC_WARN_ABOUT_RETURN_TYPE = YES_ERROR;
				GCC_WARN_UNDECLARED_SELECTOR = YES;
				GCC_WARN_UNINITIALIZED_AUTOS = YES_AGGRESSIVE;
				GCC_WARN_UNUSED_FUNCTION = YES;
				GCC_WARN_UNUSED_VARIABLE = YES;
				IPHONEOS_DEPLOYMENT_TARGET = 8.0;
				MTL_ENABLE_DEBUG_INFO = NO;
				SDKROOT = iphoneos;
				SWIFT_OPTIMIZATION_LEVEL = "-Owholemodule";
				VALIDATE_PRODUCT = YES;
			};
			name = Release;
		};
		9B18ECD11F9F134800E51E1E /* Debug */ = {
			isa = XCBuildConfiguration;
			baseConfigurationReference = 8165877009666C531E13F495 /* Pods-AppEngineDemo.debug.xcconfig */;
			buildSettings = {
				ASSETCATALOG_COMPILER_APPICON_NAME = AppIcon;
				CODE_SIGN_STYLE = Automatic;
				DEVELOPMENT_TEAM = 62C4U384XW;
				INFOPLIST_FILE = AppEngineDemo/Info.plist;
				LD_RUNPATH_SEARCH_PATHS = "$(inherited) @executable_path/Frameworks";
				PRODUCT_BUNDLE_IDENTIFIER = com.yohofee.appEngineDemo.AppEngineDemo;
				PRODUCT_NAME = "$(TARGET_NAME)";
				SWIFT_VERSION = 4.0;
				TARGETED_DEVICE_FAMILY = "1,2";
			};
			name = Debug;
		};
		9B18ECD21F9F134800E51E1E /* Release */ = {
			isa = XCBuildConfiguration;
			baseConfigurationReference = 1D20C1915A8FC555CD4A7A83 /* Pods-AppEngineDemo.release.xcconfig */;
			buildSettings = {
				ASSETCATALOG_COMPILER_APPICON_NAME = AppIcon;
				CODE_SIGN_STYLE = Automatic;
				DEVELOPMENT_TEAM = 62C4U384XW;
				INFOPLIST_FILE = AppEngineDemo/Info.plist;
				LD_RUNPATH_SEARCH_PATHS = "$(inherited) @executable_path/Frameworks";
				PRODUCT_BUNDLE_IDENTIFIER = com.yohofee.appEngineDemo.AppEngineDemo;
				PRODUCT_NAME = "$(TARGET_NAME)";
				SWIFT_VERSION = 4.0;
				TARGETED_DEVICE_FAMILY = "1,2";
			};
			name = Release;
		};
/* End XCBuildConfiguration section */

/* Begin XCConfigurationList section */
		9B18ECB91F9F134800E51E1E /* Build configuration list for PBXProject "AppEngineDemo" */ = {
			isa = XCConfigurationList;
			buildConfigurations = (
				9B18ECCE1F9F134800E51E1E /* Debug */,
				9B18ECCF1F9F134800E51E1E /* Release */,
			);
			defaultConfigurationIsVisible = 0;
			defaultConfigurationName = Release;
		};
		9B18ECD01F9F134800E51E1E /* Build configuration list for PBXNativeTarget "AppEngineDemo" */ = {
			isa = XCConfigurationList;
			buildConfigurations = (
				9B18ECD11F9F134800E51E1E /* Debug */,
				9B18ECD21F9F134800E51E1E /* Release */,
			);
			defaultConfigurationIsVisible = 0;
			defaultConfigurationName = Release;
		};
/* End XCConfigurationList section */
	};
	rootObject = 9B18ECB61F9F134800E51E1E /* Project object */;
}
